
Microsoft Visual Studio Solution File, Format Version 12.00
# Visual Studio Version 17
VisualStudioVersion = 17.12.35707.178 d17.12
MinimumVisualStudioVersion = 10.0.40219.1
Project("{FAE04EC0-301F-11D3-BF4B-00C04F79EFBC}") = "YourShoppingAPP.Android", "YourShoppingAPP.Android\YourShoppingAPP.Android.csproj", "{8895275B-DD5B-45A3-95E7-2178EE412D23}"
EndProject
Project("{FAE04EC0-301F-11D3-BF4B-00C04F79EFBC}") = "YourShoppingAPP", "YourShoppingAPP\YourShoppingAPP.csproj", "{5B1E3420-40E7-4AF8-B82E-66FF5612E69E}"
EndProject
Global
	GlobalSection(SolutionConfigurationPlatforms) = preSolution
		Debug|Any CPU = Debug|Any CPU
		Release|Any CPU = Release|Any CPU
	EndGlobalSection
	GlobalSection(ProjectConfigurationPlatforms) = postSolution
		{8895275B-DD5B-45A3-95E7-2178EE412D23}.Debug|Any CPU.ActiveCfg = Debug|Any CPU
		{8895275B-DD5B-45A3-95E7-2178EE412D23}.Debug|Any CPU.Build.0 = Debug|Any CPU
		{8895275B-DD5B-45A3-95E7-2178EE412D23}.Debug|Any CPU.Deploy.0 = Debug|Any CPU
		{8895275B-DD5B-45A3-95E7-2178EE412D23}.Release|Any CPU.ActiveCfg = Release|Any CPU
		{8895275B-DD5B-45A3-95E7-2178EE412D23}.Release|Any CPU.Build.0 = Release|Any CPU
		{8895275B-DD5B-45A3-95E7-2178EE412D23}.Release|Any CPU.Deploy.0 = Release|Any CPU
		{5B1E3420-40E7-4AF8-B82E-66FF5612E69E}.Debug|Any CPU.ActiveCfg = Debug|Any CPU
		{5B1E3420-40E7-4AF8-B82E-66FF5612E69E}.Debug|Any CPU.Build.0 = Debug|Any CPU
		{5B1E3420-40E7-4AF8-B82E-66FF5612E69E}.Debug|Any CPU.Deploy.0 = Debug|Any CPU
		{5B1E3420-40E7-4AF8-B82E-66FF5612E69E}.Release|Any CPU.ActiveCfg = Release|Any CPU
		{5B1E3420-40E7-4AF8-B82E-66FF5612E69E}.Release|Any CPU.Build.0 = Release|Any CPU
		{5B1E3420-40E7-4AF8-B82E-66FF5612E69E}.Release|Any CPU.Deploy.0 = Release|Any CPU
	EndGlobalSection
	GlobalSection(SolutionProperties) = preSolution
		HideSolutionNode = FALSE
	EndGlobalSection
EndGlobal
